
Microsoft Visual Studio Solution File, Format Version 12.00
# Visual Studio Version 16
VisualStudioVersion = 16.0.29905.134
MinimumVisualStudioVersion = 10.0.40219.1
Project("{FAE04EC0-301F-11D3-BF4B-00C04F79EFBC}") = "NUnitTestProject", "NUnitTestProject1\NUnitTestProject.csproj", "{ADC70939-A053-4BAC-A82F-91E08F1775A5}"
EndProject
Global
	GlobalSection(SolutionConfigurationPlatforms) = preSolution
		Debug|Any CPU = Debug|Any CPU
		Release|Any CPU = Release|Any CPU
	EndGlobalSection
	GlobalSection(ProjectConfigurationPlatforms) = postSolution
		{ADC70939-A053-4BAC-A82F-91E08F1775A5}.Debug|Any CPU.ActiveCfg = Debug|Any CPU
		{ADC70939-A053-4BAC-A82F-91E08F1775A5}.Debug|Any CPU.Build.0 = Debug|Any CPU
		{ADC70939-A053-4BAC-A82F-91E08F1775A5}.Release|Any CPU.ActiveCfg = Release|Any CPU
		{ADC70939-A053-4BAC-A82F-91E08F1775A5}.Release|Any CPU.Build.0 = Release|Any CPU
	EndGlobalSection
	GlobalSection(SolutionProperties) = preSolution
		HideSolutionNode = FALSE
	EndGlobalSection
	GlobalSection(ExtensibilityGlobals) = postSolution
		SolutionGuid = {B906C1FD-67C1-4ED7-95FB-B5ACA20D83E0}
	EndGlobalSection
EndGlobal
